<?xml version="1.0" encoding="utf-8"?>
<Project ToolsVersion="4.0" xmlns="http://schemas.microsoft.com/developer/msbuild/2003">
  <ItemGroup>
    <Filter Include="源文件">
      <UniqueIdentifier>{4FC737F1-C7A5-4376-A066-2A32D752A2FF}</UniqueIdentifier>
      <Extensions>cpp;c;cc;cxx;def;odl;idl;hpj;bat;asm;asmx</Extensions>
    </Filter>
    <Filter Include="头文件">
      <UniqueIdentifier>{93995380-89BD-4b04-88EB-625FBE52EBFB}</UniqueIdentifier>
      <Extensions>h;hh;hpp;hxx;hm;inl;inc;ipp;xsd</Extensions>
    </Filter>
    <Filter Include="资源文件">
      <UniqueIdentifier>{67DA6AB6-F800-4c08-8B7A-83BB121AAD01}</UniqueIdentifier>
      <Extensions>rc;ico;cur;bmp;dlg;rc2;rct;bin;rgs;gif;jpg;jpeg;jpe;resx;tiff;tif;png;wav;mfcribbon-ms</Extensions>
    </Filter>
  </ItemGroup>
  <ItemGroup>
    <ClInclude Include="stdafx.h">
      <Filter>头文件</Filter>
    </ClInclude>
    <ClInclude Include="targetver.h">
      <Filter>头文件</Filter>
    </ClInclude>
    <ClInclude Include="BridgeInterface.h">
      <Filter>头文件</Filter>
    </ClInclude>
    <ClInclude Include="Pipe.h">
      <Filter>头文件</Filter>
    </ClInclude>
    <ClInclude Include="DrawTable.h">
      <Filter>头文件</Filter>
    </ClInclude>
    <ClInclude Include="MakeMove.h">
      <Filter>头文件</Filter>
    </ClInclude>
    <ClInclude Include="resource.h">
      <Filter>头文件</Filter>
    </ClInclude>
  </ItemGroup>
  <ItemGroup>
    <ClCompile Include="stdafx.cpp">
      <Filter>源文件</Filter>
    </ClCompile>
    <ClCompile Include="BridgeInterface.cpp">
      <Filter>源文件</Filter>
    </ClCompile>
    <ClCompile Include="Pipe.cpp">
      <Filter>源文件</Filter>
    </ClCompile>
    <ClCompile Include="DrawTable.cpp">
      <Filter>源文件</Filter>
    </ClCompile>
    <ClCompile Include="MakeMove.cpp">
      <Filter>源文件</Filter>
    </ClCompile>
  </ItemGroup>
  <ItemGroup>
    <ResourceCompile Include="BridgeInterface.rc">
      <Filter>资源文件</Filter>
    </ResourceCompile>
  </ItemGroup>
  <ItemGroup>
    <Image Include="Cards\0.bmp">
      <Filter>资源文件</Filter>
    </Image>
    <Image Include="Cards\1.bmp">
      <Filter>资源文件</Filter>
    </Image>
    <Image Include="Cards\2.bmp">
      <Filter>资源文件</Filter>
    </Image>
    <Image Include="Cards\3.bmp">
      <Filter>资源文件</Filter>
    </Image>
    <Image Include="Cards\4.bmp">
      <Filter>资源文件</Filter>
    </Image>
    <Image Include="Cards\5.bmp">
      <Filter>资源文件</Filter>
    </Image>
    <Image Include="Cards\6.bmp">
      <Filter>资源文件</Filter>
    </Image>
    <Image Include="Cards\7.bmp">
      <Filter>资源文件</Filter>
    </Image>
    <Image Include="Cards\8.bmp">
      <Filter>资源文件</Filter>
    </Image>
    <Image Include="Cards\9.bmp">
      <Filter>资源文件</Filter>
    </Image>
    <Image Include="Cards\10.bmp">
      <Filter>资源文件</Filter>
    </Image>
    <Image Include="Cards\11.bmp">
      <Filter>资源文件</Filter>
    </Image>
    <Image Include="Cards\12.bmp">
      <Filter>资源文件</Filter>
    </Image>
    <Image Include="Cards\13.bmp">
      <Filter>资源文件</Filter>
    </Image>
    <Image Include="Cards\14.bmp">
      <Filter>资源文件</Filter>
    </Image>
    <Image Include="Cards\15.bmp">
      <Filter>资源文件</Filter>
    </Image>
    <Image Include="Cards\16.bmp">
      <Filter>资源文件</Filter>
    </Image>
    <Image Include="Cards\17.bmp">
      <Filter>资源文件</Filter>
    </Image>
    <Image Include="Cards\18.bmp">
      <Filter>资源文件</Filter>
    </Image>
    <Image Include="Cards\19.bmp">
      <Filter>资源文件</Filter>
    </Image>
    <Image Include="Cards\20.bmp">
      <Filter>资源文件</Filter>
    </Image>
    <Image Include="Cards\21.bmp">
      <Filter>资源文件</Filter>
    </Image>
    <Image Include="Cards\22.bmp">
      <Filter>资源文件</Filter>
    </Image>
    <Image Include="Cards\23.bmp">
      <Filter>资源文件</Filter>
    </Image>
    <Image Include="Cards\24.bmp">
      <Filter>资源文件</Filter>
    </Image>
    <Image Include="Cards\25.bmp">
      <Filter>资源文件</Filter>
    </Image>
    <Image Include="Cards\26.bmp">
      <Filter>资源文件</Filter>
    </Image>
    <Image Include="Cards\27.bmp">
      <Filter>资源文件</Filter>
    </Image>
    <Image Include="Cards\28.bmp">
      <Filter>资源文件</Filter>
    </Image>
    <Image Include="Cards\29.bmp">
      <Filter>资源文件</Filter>
    </Image>
    <Image Include="Cards\30.bmp">
      <Filter>资源文件</Filter>
    </Image>
    <Image Include="Cards\31.bmp">
      <Filter>资源文件</Filter>
    </Image>
    <Image Include="Cards\32.bmp">
      <Filter>资源文件</Filter>
    </Image>
    <Image Include="Cards\33.bmp">
      <Filter>资源文件</Filter>
    </Image>
    <Image Include="Cards\34.bmp">
      <Filter>资源文件</Filter>
    </Image>
    <Image Include="Cards\35.bmp">
      <Filter>资源文件</Filter>
    </Image>
    <Image Include="Cards\36.bmp">
      <Filter>资源文件</Filter>
    </Image>
    <Image Include="Cards\37.bmp">
      <Filter>资源文件</Filter>
    </Image>
    <Image Include="Cards\38.bmp">
      <Filter>资源文件</Filter>
    </Image>
    <Image Include="Cards\39.bmp">
      <Filter>资源文件</Filter>
    </Image>
    <Image Include="Cards\40.bmp">
      <Filter>资源文件</Filter>
    </Image>
    <Image Include="Cards\41.bmp">
      <Filter>资源文件</Filter>
    </Image>
    <Image Include="Cards\42.bmp">
      <Filter>资源文件</Filter>
    </Image>
    <Image Include="Cards\43.bmp">
      <Filter>资源文件</Filter>
    </Image>
    <Image Include="Cards\44.bmp">
      <Filter>资源文件</Filter>
    </Image>
    <Image Include="Cards\45.bmp">
      <Filter>资源文件</Filter>
    </Image>
    <Image Include="Cards\46.bmp">
      <Filter>资源文件</Filter>
    </Image>
    <Image Include="Cards\47.bmp">
      <Filter>资源文件</Filter>
    </Image>
    <Image Include="Cards\48.bmp">
      <Filter>资源文件</Filter>
    </Image>
    <Image Include="Cards\49.bmp">
      <Filter>资源文件</Filter>
    </Image>
    <Image Include="Cards\50.bmp">
      <Filter>资源文件</Filter>
    </Image>
    <Image Include="Cards\51.bmp">
      <Filter>资源文件</Filter>
    </Image>
    <Image Include="bitmap1.bmp">
      <Filter>资源文件</Filter>
    </Image>
  </ItemGroup>
</Project>